
Microsoft Visual Studio Solution File, Format Version 12.00
# Visual Studio 2013
VisualStudioVersion = 12.0.30723.0
MinimumVisualStudioVersion = 10.0.40219.1
Project("{FAE04EC0-301F-11D3-BF4B-00C04F79EFBC}") = "20161027_C_MIDTERM_PolinaVargot", "20161027_C_MIDTERM_PolinaVargot\20161027_C_MIDTERM_PolinaVargot.csproj", "{9BCAEC7D-4D95-46FE-85E4-20AF84048589}"
EndProject
Global
	GlobalSection(SolutionConfigurationPlatforms) = preSolution
		Debug|Any CPU = Debug|Any CPU
		Release|Any CPU = Release|Any CPU
	EndGlobalSection
	GlobalSection(ProjectConfigurationPlatforms) = postSolution
		{9BCAEC7D-4D95-46FE-85E4-20AF84048589}.Debug|Any CPU.ActiveCfg = Debug|Any CPU
		{9BCAEC7D-4D95-46FE-85E4-20AF84048589}.Debug|Any CPU.Build.0 = Debug|Any CPU
		{9BCAEC7D-4D95-46FE-85E4-20AF84048589}.Release|Any CPU.ActiveCfg = Release|Any CPU
		{9BCAEC7D-4D95-46FE-85E4-20AF84048589}.Release|Any CPU.Build.0 = Release|Any CPU
	EndGlobalSection
	GlobalSection(SolutionProperties) = preSolution
		HideSolutionNode = FALSE
	EndGlobalSection
EndGlobal
